// !$*UTF8*$!
{
	archiveVersion = 1;
	classes = {
	};
	objectVersion = 46;
	objects = {

/* Begin PBXBuildFile section */
		9BF2B1791D7926D100D20A56 /* main.m in Sources */ = {isa = PBXBuildFile; fileRef = 9BF2B1781D7926D100D20A56 /* main.m */; };
		9BF2B17C1D7926D100D20A56 /* AppDelegate.m in Sources */ = {isa = PBXBuildFile; fileRef = 9BF2B17B1D7926D100D20A56 /* AppDelegate.m */; };
		9BF2B17F1D7926D100D20A56 /* ViewController.m in Sources */ = {isa = PBXBuildFile; fileRef = 9BF2B17E1D7926D100D20A56 /* ViewController.m */; };
		9BF2B1821D7926D100D20A56 /* Main.storyboard in Resources */ = {isa = PBXBuildFile; fileRef = 9BF2B1801D7926D100D20A56 /* Main.storyboard */; };
		9BF2B1841D7926D100D20A56 /* Assets.xcassets in Resources */ = {isa = PBXBuildFile; fileRef = 9BF2B1831D7926D100D20A56 /* Assets.xcassets */; };
		9BF2B1871D7926D100D20A56 /* LaunchScreen.storyboard in Resources */ = {isa = PBXBuildFile; fileRef = 9BF2B1851D7926D100D20A56 /* LaunchScreen.storyboard */; };
		9BF2B1921D7926D100D20A56 /* DemoTests.m in Sources */ = {isa = PBXBuildFile; fileRef = 9BF2B1911D7926D100D20A56 /* DemoTests.m */; };
		9BF2B19D1D7926D100D20A56 /* DemoUITests.m in Sources */ = {isa = PBXBuildFile; fileRef = 9BF2B19C1D7926D100D20A56 /* DemoUITests.m */; };
		9BF2B1AC1D7927B200D20A56 /* LYScrollView.m in Sources */ = {isa = PBXBuildFile; fileRef = 9BF2B1AB1D7927B200D20A56 /* LYScrollView.m */; };
		9BF2B1AF1D7928FA00D20A56 /* UIImageEffects.m in Sources */ = {isa = PBXBuildFile; fileRef = 9BF2B1AD1D7928FA00D20A56 /* UIImageEffects.m */; };
		9BF2B1B91D79290300D20A56 /* 0.jpg in Resources */ = {isa = PBXBuildFile; fileRef = 9BF2B1B11D79290300D20A56 /* 0.jpg */; };
		9BF2B1BA1D79290300D20A56 /* 1.jpg in Resources */ = {isa = PBXBuildFile; fileRef = 9BF2B1B21D79290300D20A56 /* 1.jpg */; };
		9BF2B1BB1D79290300D20A56 /* 2.jpg in Resources */ = {isa = PBXBuildFile; fileRef = 9BF2B1B31D79290300D20A56 /* 2.jpg */; };
		9BF2B1BC1D79290300D20A56 /* 3.jpg in Resources */ = {isa = PBXBuildFile; fileRef = 9BF2B1B41D79290300D20A56 /* 3.jpg */; };
		9BF2B1BD1D79290300D20A56 /* 4.jpg in Resources */ = {isa = PBXBuildFile; fileRef = 9BF2B1B51D79290300D20A56 /* 4.jpg */; };
		9BF2B1BE1D79290300D20A56 /* 5.jpg in Resources */ = {isa = PBXBuildFile; fileRef = 9BF2B1B61D79290300D20A56 /* 5.jpg */; };
		9BF2B1BF1D79290300D20A56 /* 6.jpg in Resources */ = {isa = PBXBuildFile; fileRef = 9BF2B1B71D79290300D20A56 /* 6.jpg */; };
		9BF2B1C01D79290300D20A56 /* 7.jpg in Resources */ = {isa = PBXBuildFile; fileRef = 9BF2B1B81D79290300D20A56 /* 7.jpg */; };
/* End PBXBuildFile section */

/* Begin PBXContainerItemProxy section */
		9BF2B18E1D7926D100D20A56 /* PBXContainerItemProxy */ = {
			isa = PBXContainerItemProxy;
			containerPortal = 9BF2B16C1D7926D100D20A56 /* Project object */;
			proxyType = 1;
			remoteGlobalIDString = 9BF2B1731D7926D100D20A56;
			remoteInfo = Demo;
		};
		9BF2B1991D7926D100D20A56 /* PBXContainerItemProxy */ = {
			isa = PBXContainerItemProxy;
			containerPortal = 9BF2B16C1D7926D100D20A56 /* Project object */;
			proxyType = 1;
			remoteGlobalIDString = 9BF2B1731D7926D100D20A56;
			remoteInfo = Demo;
		};
/* End PBXContainerItemProxy section */

/* Begin PBXFileReference section */
		9BF2B1741D7926D100D20A56 /* Demo.app */ = {isa = PBXFileReference; explicitFileType = wrapper.application; includeInIndex = 0; path = Demo.app; sourceTree = BUILT_PRODUCTS_DIR; };
		9BF2B1781D7926D100D20A56 /* main.m */ = {isa = PBXFileReference; lastKnownFileType = sourcecode.c.objc; path = main.m; sourceTree = "<group>"; };
		9BF2B17A1D7926D100D20A56 /* AppDelegate.h */ = {isa = PBXFileReference; lastKnownFileType = sourcecode.c.h; path = AppDelegate.h; sourceTree = "<group>"; };
		9BF2B17B1D7926D100D20A56 /* AppDelegate.m */ = {isa = PBXFileReference; lastKnownFileType = sourcecode.c.objc; path = AppDelegate.m; sourceTree = "<group>"; };
		9BF2B17D1D7926D100D20A56 /* ViewController.h */ = {isa = PBXFileReference; lastKnownFileType = sourcecode.c.h; path = ViewController.h; sourceTree = "<group>"; };
		9BF2B17E1D7926D100D20A56 /* ViewController.m */ = {isa = PBXFileReference; lastKnownFileType = sourcecode.c.objc; path = ViewController.m; sourceTree = "<group>"; };
		9BF2B1811D7926D100D20A56 /* Base */ = {isa = PBXFileReference; lastKnownFileType = file.storyboard; name = Base; path = Base.lproj/Main.storyboard; sourceTree = "<group>"; };
		9BF2B1831D7926D100D20A56 /* Assets.xcassets */ = {isa = PBXFileReference; lastKnownFileType = folder.assetcatalog; path = Assets.xcassets; sourceTree = "<group>"; };
		9BF2B1861D7926D100D20A56 /* Base */ = {isa = PBXFileReference; lastKnownFileType = file.storyboard; name = Base; path = Base.lproj/LaunchScreen.storyboard; sourceTree = "<group>"; };
		9BF2B1881D7926D100D20A56 /* Info.plist */ = {isa = PBXFileReference; lastKnownFileType = text.plist.xml; path = Info.plist; sourceTree = "<group>"; };
		9BF2B18D1D7926D100D20A56 /* DemoTests.xctest */ = {isa = PBXFileReference; explicitFileType = wrapper.cfbundle; includeInIndex = 0; path = DemoTests.xctest; sourceTree = BUILT_PRODUCTS_DIR; };
		9BF2B1911D7926D100D20A56 /* DemoTests.m */ = {isa = PBXFileReference; lastKnownFileType = sourcecode.c.objc; path = DemoTests.m; sourceTree = "<group>"; };
		9BF2B1931D7926D100D20A56 /* Info.plist */ = {isa = PBXFileReference; lastKnownFileType = text.plist.xml; path = Info.plist; sourceTree = "<group>"; };
		9BF2B1981D7926D100D20A56 /* DemoUITests.xctest */ = {isa = PBXFileReference; explicitFileType = wrapper.cfbundle; includeInIndex = 0; path = DemoUITests.xctest; sourceTree = BUILT_PRODUCTS_DIR; };
		9BF2B19C1D7926D100D20A56 /* DemoUITests.m */ = {isa = PBXFileReference; lastKnownFileType = sourcecode.c.objc; path = DemoUITests.m; sourceTree = "<group>"; };
		9BF2B19E1D7926D100D20A56 /* Info.plist */ = {isa = PBXFileReference; lastKnownFileType = text.plist.xml; path = Info.plist; sourceTree = "<group>"; };
		9BF2B1AA1D7927B200D20A56 /* LYScrollView.h */ = {isa = PBXFileReference; fileEncoding = 4; lastKnownFileType = sourcecode.c.h; path = LYScrollView.h; sourceTree = "<group>"; };
		9BF2B1AB1D7927B200D20A56 /* LYScrollView.m */ = {isa = PBXFileReference; fileEncoding = 4; lastKnownFileType = sourcecode.c.objc; path = LYScrollView.m; sourceTree = "<group>"; };
		9BF2B1AD1D7928FA00D20A56 /* UIImageEffects.m */ = {isa = PBXFileReference; fileEncoding = 4; lastKnownFileType = sourcecode.c.objc; path = UIImageEffects.m; sourceTree = "<group>"; };
		9BF2B1AE1D7928FA00D20A56 /* UIImageEffects.h */ = {isa = PBXFileReference; fileEncoding = 4; lastKnownFileType = sourcecode.c.h; path = UIImageEffects.h; sourceTree = "<group>"; };
		9BF2B1B11D79290300D20A56 /* 0.jpg */ = {isa = PBXFileReference; lastKnownFileType = image.jpeg; path = 0.jpg; sourceTree = "<group>"; };
		9BF2B1B21D79290300D20A56 /* 1.jpg */ = {isa = PBXFileReference; lastKnownFileType = image.jpeg; path = 1.jpg; sourceTree = "<group>"; };
		9BF2B1B31D79290300D20A56 /* 2.jpg */ = {isa = PBXFileReference; lastKnownFileType = image.jpeg; path = 2.jpg; sourceTree = "<group>"; };
		9BF2B1B41D79290300D20A56 /* 3.jpg */ = {isa = PBXFileReference; lastKnownFileType = image.jpeg; path = 3.jpg; sourceTree = "<group>"; };
		9BF2B1B51D79290300D20A56 /* 4.jpg */ = {isa = PBXFileReference; lastKnownFileType = image.jpeg; path = 4.jpg; sourceTree = "<group>"; };
		9BF2B1B61D79290300D20A56 /* 5.jpg */ = {isa = PBXFileReference; lastKnownFileType = image.jpeg; path = 5.jpg; sourceTree = "<group>"; };
		9BF2B1B71D79290300D20A56 /* 6.jpg */ = {isa = PBXFileReference; lastKnownFileType = image.jpeg; path = 6.jpg; sourceTree = "<group>"; };
		9BF2B1B81D79290300D20A56 /* 7.jpg */ = {isa = PBXFileReference; lastKnownFileType = image.jpeg; path = 7.jpg; sourceTree = "<group>"; };
/* End PBXFileReference section */

/* Begin PBXFrameworksBuildPhase section */
		9BF2B1711D7926D100D20A56 /* Frameworks */ = {
			isa = PBXFrameworksBuildPhase;
			buildActionMask = 2147483647;
			files = (
			);
			runOnlyForDeploymentPostprocessing = 0;
		};
		9BF2B18A1D7926D100D20A56 /* Frameworks */ = {
			isa = PBXFrameworksBuildPhase;
			buildActionMask = 2147483647;
			files = (
			);
			runOnlyForDeploymentPostprocessing = 0;
		};
		9BF2B1951D7926D100D20A56 /* Frameworks */ = {
			isa = PBXFrameworksBuildPhase;
			buildActionMask = 2147483647;
			files = (
			);
			runOnlyForDeploymentPostprocessing = 0;
		};
/* End PBXFrameworksBuildPhase section */

/* Begin PBXGroup section */
		9BF2B16B1D7926D100D20A56 = {
			isa = PBXGroup;
			children = (
				9BF2B1AD1D7928FA00D20A56 /* UIImageEffects.m */,
				9BF2B1AE1D7928FA00D20A56 /* UIImageEffects.h */,
				9BF2B1B01D79290300D20A56 /* img */,
				9BF2B1761D7926D100D20A56 /* Demo */,
				9BF2B1901D7926D100D20A56 /* DemoTests */,
				9BF2B19B1D7926D100D20A56 /* DemoUITests */,
				9BF2B1751D7926D100D20A56 /* Products */,
			);
			sourceTree = "<group>";
		};
		9BF2B1751D7926D100D20A56 /* Products */ = {
			isa = PBXGroup;
			children = (
				9BF2B1741D7926D100D20A56 /* Demo.app */,
				9BF2B18D1D7926D100D20A56 /* DemoTests.xctest */,
				9BF2B1981D7926D100D20A56 /* DemoUITests.xctest */,
			);
			name = Products;
			sourceTree = "<group>";
		};
		9BF2B1761D7926D100D20A56 /* Demo */ = {
			isa = PBXGroup;
			children = (
				9BF2B17A1D7926D100D20A56 /* AppDelegate.h */,
				9BF2B17B1D7926D100D20A56 /* AppDelegate.m */,
				9BF2B17D1D7926D100D20A56 /* ViewController.h */,
				9BF2B17E1D7926D100D20A56 /* ViewController.m */,
				9BF2B1AA1D7927B200D20A56 /* LYScrollView.h */,
				9BF2B1AB1D7927B200D20A56 /* LYScrollView.m */,
				9BF2B1801D7926D100D20A56 /* Main.storyboard */,
				9BF2B1831D7926D100D20A56 /* Assets.xcassets */,
				9BF2B1851D7926D100D20A56 /* LaunchScreen.storyboard */,
				9BF2B1881D7926D100D20A56 /* Info.plist */,
				9BF2B1771D7926D100D20A56 /* Supporting Files */,
			);
			path = Demo;
			sourceTree = "<group>";
		};
		9BF2B1771D7926D100D20A56 /* Supporting Files */ = {
			isa = PBXGroup;
			children = (
				9BF2B1781D7926D100D20A56 /* main.m */,
			);
			name = "Supporting Files";
			sourceTree = "<group>";
		};
		9BF2B1901D7926D100D20A56 /* DemoTests */ = {
			isa = PBXGroup;
			children = (
				9BF2B1911D7926D100D20A56 /* DemoTests.m */,
				9BF2B1931D7926D100D20A56 /* Info.plist */,
			);
			path = DemoTests;
			sourceTree = "<group>";
		};
		9BF2B19B1D7926D100D20A56 /* DemoUITests */ = {
			isa = PBXGroup;
			children = (
				9BF2B19C1D7926D100D20A56 /* DemoUITests.m */,
				9BF2B19E1D7926D100D20A56 /* Info.plist */,
			);
			path = DemoUITests;
			sourceTree = "<group>";
		};
		9BF2B1B01D79290300D20A56 /* img */ = {
			isa = PBXGroup;
			children = (
				9BF2B1B11D79290300D20A56 /* 0.jpg */,
				9BF2B1B21D79290300D20A56 /* 1.jpg */,
				9BF2B1B31D79290300D20A56 /* 2.jpg */,
				9BF2B1B41D79290300D20A56 /* 3.jpg */,
				9BF2B1B51D79290300D20A56 /* 4.jpg */,
				9BF2B1B61D79290300D20A56 /* 5.jpg */,
				9BF2B1B71D79290300D20A56 /* 6.jpg */,
				9BF2B1B81D79290300D20A56 /* 7.jpg */,
			);
			path = img;
			sourceTree = "<group>";
		};
/* End PBXGroup section */

/* Begin PBXNativeTarget section */
		9BF2B1731D7926D100D20A56 /* Demo */ = {
			isa = PBXNativeTarget;
			buildConfigurationList = 9BF2B1A11D7926D100D20A56 /* Build configuration list for PBXNativeTarget "Demo" */;
			buildPhases = (
				9BF2B1701D7926D100D20A56 /* Sources */,
				9BF2B1711D7926D100D20A56 /* Frameworks */,
				9BF2B1721D7926D100D20A56 /* Resources */,
			);
			buildRules = (
			);
			dependencies = (
			);
			name = Demo;
			productName = Demo;
			productReference = 9BF2B1741D7926D100D20A56 /* Demo.app */;
			productType = "com.apple.product-type.application";
		};
		9BF2B18C1D7926D100D20A56 /* DemoTests */ = {
			isa = PBXNativeTarget;
			buildConfigurationList = 9BF2B1A41D7926D100D20A56 /* Build configuration list for PBXNativeTarget "DemoTests" */;
			buildPhases = (
				9BF2B1891D7926D100D20A56 /* Sources */,
				9BF2B18A1D7926D100D20A56 /* Frameworks */,
				9BF2B18B1D7926D100D20A56 /* Resources */,
			);
			buildRules = (
			);
			dependencies = (
				9BF2B18F1D7926D100D20A56 /* PBXTargetDependency */,
			);
			name = DemoTests;
			productName = DemoTests;
			productReference = 9BF2B18D1D7926D100D20A56 /* DemoTests.xctest */;
			productType = "com.apple.product-type.bundle.unit-test";
		};
		9BF2B1971D7926D100D20A56 /* DemoUITests */ = {
			isa = PBXNativeTarget;
			buildConfigurationList = 9BF2B1A71D7926D100D20A56 /* Build configuration list for PBXNativeTarget "DemoUITests" */;
			buildPhases = (
				9BF2B1941D7926D100D20A56 /* Sources */,
				9BF2B1951D7926D100D20A56 /* Frameworks */,
				9BF2B1961D7926D100D20A56 /* Resources */,
			);
			buildRules = (
			);
			dependencies = (
				9BF2B19A1D7926D100D20A56 /* PBXTargetDependency */,
			);
			name = DemoUITests;
			productName = DemoUITests;
			productReference = 9BF2B1981D7926D100D20A56 /* DemoUITests.xctest */;
			productType = "com.apple.product-type.bundle.ui-testing";
		};
/* End PBXNativeTarget section */

/* Begin PBXProject section */
		9BF2B16C1D7926D100D20A56 /* Project object */ = {
			isa = PBXProject;
			attributes = {
				LastUpgradeCheck = 0730;
				ORGANIZATIONNAME = "志恒李";
				TargetAttributes = {
					9BF2B1731D7926D100D20A56 = {
						CreatedOnToolsVersion = 7.3;
					};
					9BF2B18C1D7926D100D20A56 = {
						CreatedOnToolsVersion = 7.3;
						TestTargetID = 9BF2B1731D7926D100D20A56;
					};
					9BF2B1971D7926D100D20A56 = {
						CreatedOnToolsVersion = 7.3;
						TestTargetID = 9BF2B1731D7926D100D20A56;
					};
				};
			};
			buildConfigurationList = 9BF2B16F1D7926D100D20A56 /* Build configuration list for PBXProject "Demo" */;
			compatibilityVersion = "Xcode 3.2";
			developmentRegion = English;
			hasScannedForEncodings = 0;
			knownRegions = (
				en,
				Base,
			);
			mainGroup = 9BF2B16B1D7926D100D20A56;
			productRefGroup = 9BF2B1751D7926D100D20A56 /* Products */;
			projectDirPath = "";
			projectRoot = "";
			targets = (
				9BF2B1731D7926D100D20A56 /* Demo */,
				9BF2B18C1D7926D100D20A56 /* DemoTests */,
				9BF2B1971D7926D100D20A56 /* DemoUITests */,
			);
		};
/* End PBXProject section */

/* Begin PBXResourcesBuildPhase section */
		9BF2B1721D7926D100D20A56 /* Resources */ = {
			isa = PBXResourcesBuildPhase;
			buildActionMask = 2147483647;
			files = (
				9BF2B1C01D79290300D20A56 /* 7.jpg in Resources */,
				9BF2B1BD1D79290300D20A56 /* 4.jpg in Resources */,
				9BF2B1BB1D79290300D20A56 /* 2.jpg in Resources */,
				9BF2B1B91D79290300D20A56 /* 0.jpg in Resources */,
				9BF2B1BE1D79290300D20A56 /* 5.jpg in Resources */,
				9BF2B1BF1D79290300D20A56 /* 6.jpg in Resources */,
				9BF2B1871D7926D100D20A56 /* LaunchScreen.storyboard in Resources */,
				9BF2B1841D7926D100D20A56 /* Assets.xcassets in Resources */,
				9BF2B1821D7926D100D20A56 /* Main.storyboard in Resources */,
				9BF2B1BC1D79290300D20A56 /* 3.jpg in Resources */,
				9BF2B1BA1D79290300D20A56 /* 1.jpg in Resources */,
			);
			runOnlyForDeploymentPostprocessing = 0;
		};
		9BF2B18B1D7926D100D20A56 /* Resources */ = {
			isa = PBXResourcesBuildPhase;
			buildActionMask = 2147483647;
			files = (
			);
			runOnlyForDeploymentPostprocessing = 0;
		};
		9BF2B1961D7926D100D20A56 /* Resources */ = {
			isa = PBXResourcesBuildPhase;
			buildActionMask = 2147483647;
			files = (
			);
			runOnlyForDeploymentPostprocessing = 0;
		};
/* End PBXResourcesBuildPhase section */

/* Begin PBXSourcesBuildPhase section */
		9BF2B1701D7926D100D20A56 /* Sources */ = {
			isa = PBXSourcesBuildPhase;
			buildActionMask = 2147483647;
			files = (
				9BF2B1AC1D7927B200D20A56 /* LYScrollView.m in Sources */,
				9BF2B17F1D7926D100D20A56 /* ViewController.m in Sources */,
				9BF2B17C1D7926D100D20A56 /* AppDelegate.m in Sources */,
				9BF2B1AF1D7928FA00D20A56 /* UIImageEffects.m in Sources */,
				9BF2B1791D7926D100D20A56 /* main.m in Sources */,
			);
			runOnlyForDeploymentPostprocessing = 0;
		};
		9BF2B1891D7926D100D20A56 /* Sources */ = {
			isa = PBXSourcesBuildPhase;
			buildActionMask = 2147483647;
			files = (
				9BF2B1921D7926D100D20A56 /* DemoTests.m in Sources */,
			);
			runOnlyForDeploymentPostprocessing = 0;
		};
		9BF2B1941D7926D100D20A56 /* Sources */ = {
			isa = PBXSourcesBuildPhase;
			buildActionMask = 2147483647;
			files = (
				9BF2B19D1D7926D100D20A56 /* DemoUITests.m in Sources */,
			);
			runOnlyForDeploymentPostprocessing = 0;
		};
/* End PBXSourcesBuildPhase section */

/* Begin PBXTargetDependency section */
		9BF2B18F1D7926D100D20A56 /* PBXTargetDependency */ = {
			isa = PBXTargetDependency;
			target = 9BF2B1731D7926D100D20A56 /* Demo */;
			targetProxy = 9BF2B18E1D7926D100D20A56 /* PBXContainerItemProxy */;
		};
		9BF2B19A1D7926D100D20A56 /* PBXTargetDependency */ = {
			isa = PBXTargetDependency;
			target = 9BF2B1731D7926D100D20A56 /* Demo */;
			targetProxy = 9BF2B1991D7926D100D20A56 /* PBXContainerItemProxy */;
		};
/* End PBXTargetDependency section */

/* Begin PBXVariantGroup section */
		9BF2B1801D7926D100D20A56 /* Main.storyboard */ = {
			isa = PBXVariantGroup;
			children = (
				9BF2B1811D7926D100D20A56 /* Base */,
			);
			name = Main.storyboard;
			sourceTree = "<group>";
		};
		9BF2B1851D7926D100D20A56 /* LaunchScreen.storyboard */ = {
			isa = PBXVariantGroup;
			children = (
				9BF2B1861D7926D100D20A56 /* Base */,
			);
			name = LaunchScreen.storyboard;
			sourceTree = "<group>";
		};
/* End PBXVariantGroup section */

/* Begin XCBuildConfiguration section */
		9BF2B19F1D7926D100D20A56 /* Debug */ = {
			isa = XCBuildConfiguration;
			buildSettings = {
				ALWAYS_SEARCH_USER_PATHS = NO;
				CLANG_ANALYZER_NONNULL = YES;
				CLANG_CXX_LANGUAGE_STANDARD = "gnu++0x";
				CLANG_CXX_LIBRARY = "libc++";
				CLANG_ENABLE_MODULES = YES;
				CLANG_ENABLE_OBJC_ARC = YES;
				CLANG_WARN_BOOL_CONVERSION = YES;
				CLANG_WARN_CONSTANT_CONVERSION = YES;
				CLANG_WARN_DIRECT_OBJC_ISA_USAGE = YES_ERROR;
				CLANG_WARN_EMPTY_BODY = YES;
				CLANG_WARN_ENUM_CONVERSION = YES;
				CLANG_WARN_INT_CONVERSION = YES;
				CLANG_WARN_OBJC_ROOT_CLASS = YES_ERROR;
				CLANG_WARN_UNREACHABLE_CODE = YES;
				CLANG_WARN__DUPLICATE_METHOD_MATCH = YES;
				"CODE_SIGN_IDENTITY[sdk=iphoneos*]" = "iPhone Developer";
				COPY_PHASE_STRIP = NO;
				DEBUG_INFORMATION_FORMAT = dwarf;
				ENABLE_STRICT_OBJC_MSGSEND = YES;
				ENABLE_TESTABILITY = YES;
				GCC_C_LANGUAGE_STANDARD = gnu99;
				GCC_DYNAMIC_NO_PIC = NO;
				GCC_NO_COMMON_BLOCKS = YES;
				GCC_OPTIMIZATION_LEVEL = 0;
				GCC_PREPROCESSOR_DEFINITIONS = (
					"DEBUG=1",
					"$(inherited)",
				);
				GCC_WARN_64_TO_32_BIT_CONVERSION = YES;
				GCC_WARN_ABOUT_RETURN_TYPE = YES_ERROR;
				GCC_WARN_UNDECLARED_SELECTOR = YES;
				GCC_WARN_UNINITIALIZED_AUTOS = YES_AGGRESSIVE;
				GCC_WARN_UNUSED_FUNCTION = YES;
				GCC_WARN_UNUSED_VARIABLE = YES;
				IPHONEOS_DEPLOYMENT_TARGET = 9.3;
				MTL_ENABLE_DEBUG_INFO = YES;
				ONLY_ACTIVE_ARCH = YES;
				SDKROOT = iphoneos;
			};
			name = Debug;
		};
		9BF2B1A01D7926D100D20A56 /* Release */ = {
			isa = XCBuildConfiguration;
			buildSettings = {
				ALWAYS_SEARCH_USER_PATHS = NO;
				CLANG_ANALYZER_NONNULL = YES;
				CLANG_CXX_LANGUAGE_STANDARD = "gnu++0x";
				CLANG_CXX_LIBRARY = "libc++";
				CLANG_ENABLE_MODULES = YES;
				CLANG_ENABLE_OBJC_ARC = YES;
				CLANG_WARN_BOOL_CONVERSION = YES;
				CLANG_WARN_CONSTANT_CONVERSION = YES;
				CLANG_WARN_DIRECT_OBJC_ISA_USAGE = YES_ERROR;
				CLANG_WARN_EMPTY_BODY = YES;
				CLANG_WARN_ENUM_CONVERSION = YES;
				CLANG_WARN_INT_CONVERSION = YES;
				CLANG_WARN_OBJC_ROOT_CLASS = YES_ERROR;
				CLANG_WARN_UNREACHABLE_CODE = YES;
				CLANG_WARN__DUPLICATE_METHOD_MATCH = YES;
				"CODE_SIGN_IDENTITY[sdk=iphoneos*]" = "iPhone Developer";
				COPY_PHASE_STRIP = NO;
				DEBUG_INFORMATION_FORMAT = "dwarf-with-dsym";
				ENABLE_NS_ASSERTIONS = NO;
				ENABLE_STRICT_OBJC_MSGSEND = YES;
				GCC_C_LANGUAGE_STANDARD = gnu99;
				GCC_NO_COMMON_BLOCKS = YES;
				GCC_WARN_64_TO_32_BIT_CONVERSION = YES;
				GCC_WARN_ABOUT_RETURN_TYPE = YES_ERROR;
				GCC_WARN_UNDECLARED_SELECTOR = YES;
				GCC_WARN_UNINITIALIZED_AUTOS = YES_AGGRESSIVE;
				GCC_WARN_UNUSED_FUNCTION = YES;
				GCC_WARN_UNUSED_VARIABLE = YES;
				IPHONEOS_DEPLOYMENT_TARGET = 9.3;
				MTL_ENABLE_DEBUG_INFO = NO;
				SDKROOT = iphoneos;
				VALIDATE_PRODUCT = YES;
			};
			name = Release;
		};
		9BF2B1A21D7926D100D20A56 /* Debug */ = {
			isa = XCBuildConfiguration;
			buildSettings = {
				ASSETCATALOG_COMPILER_APPICON_NAME = AppIcon;
				INFOPLIST_FILE = Demo/Info.plist;
				LD_RUNPATH_SEARCH_PATHS = "$(inherited) @executable_path/Frameworks";
				PRODUCT_BUNDLE_IDENTIFIER = com.xcj.www.Demo;
				PRODUCT_NAME = "$(TARGET_NAME)";
			};
			name = Debug;
		};
		9BF2B1A31D7926D100D20A56 /* Release */ = {
			isa = XCBuildConfiguration;
			buildSettings = {
				ASSETCATALOG_COMPILER_APPICON_NAME = AppIcon;
				INFOPLIST_FILE = Demo/Info.plist;
				LD_RUNPATH_SEARCH_PATHS = "$(inherited) @executable_path/Frameworks";
				PRODUCT_BUNDLE_IDENTIFIER = com.xcj.www.Demo;
				PRODUCT_NAME = "$(TARGET_NAME)";
			};
			name = Release;
		};
		9BF2B1A51D7926D100D20A56 /* Debug */ = {
			isa = XCBuildConfiguration;
			buildSettings = {
				BUNDLE_LOADER = "$(TEST_HOST)";
				INFOPLIST_FILE = DemoTests/Info.plist;
				LD_RUNPATH_SEARCH_PATHS = "$(inherited) @executable_path/Frameworks @loader_path/Frameworks";
				PRODUCT_BUNDLE_IDENTIFIER = com.xcj.www.DemoTests;
				PRODUCT_NAME = "$(TARGET_NAME)";
				TEST_HOST = "$(BUILT_PRODUCTS_DIR)/Demo.app/Demo";
			};
			name = Debug;
		};
		9BF2B1A61D7926D100D20A56 /* Release */ = {
			isa = XCBuildConfiguration;
			buildSettings = {
				BUNDLE_LOADER = "$(TEST_HOST)";
				INFOPLIST_FILE = DemoTests/Info.plist;
				LD_RUNPATH_SEARCH_PATHS = "$(inherited) @executable_path/Frameworks @loader_path/Frameworks";
				PRODUCT_BUNDLE_IDENTIFIER = com.xcj.www.DemoTests;
				PRODUCT_NAME = "$(TARGET_NAME)";
				TEST_HOST = "$(BUILT_PRODUCTS_DIR)/Demo.app/Demo";
			};
			name = Release;
		};
		9BF2B1A81D7926D100D20A56 /* Debug */ = {
			isa = XCBuildConfiguration;
			buildSettings = {
				INFOPLIST_FILE = DemoUITests/Info.plist;
				LD_RUNPATH_SEARCH_PATHS = "$(inherited) @executable_path/Frameworks @loader_path/Frameworks";
				PRODUCT_BUNDLE_IDENTIFIER = com.xcj.www.DemoUITests;
				PRODUCT_NAME = "$(TARGET_NAME)";
				TEST_TARGET_NAME = Demo;
			};
			name = Debug;
		};
		9BF2B1A91D7926D100D20A56 /* Release */ = {
			isa = XCBuildConfiguration;
			buildSettings = {
				INFOPLIST_FILE = DemoUITests/Info.plist;
				LD_RUNPATH_SEARCH_PATHS = "$(inherited) @executable_path/Frameworks @loader_path/Frameworks";
				PRODUCT_BUNDLE_IDENTIFIER = com.xcj.www.DemoUITests;
				PRODUCT_NAME = "$(TARGET_NAME)";
				TEST_TARGET_NAME = Demo;
			};
			name = Release;
		};
/* End XCBuildConfiguration section */

/* Begin XCConfigurationList section */
		9BF2B16F1D7926D100D20A56 /* Build configuration list for PBXProject "Demo" */ = {
			isa = XCConfigurationList;
			buildConfigurations = (
				9BF2B19F1D7926D100D20A56 /* Debug */,
				9BF2B1A01D7926D100D20A56 /* Release */,
			);
			defaultConfigurationIsVisible = 0;
			defaultConfigurationName = Release;
		};
		9BF2B1A11D7926D100D20A56 /* Build configuration list for PBXNativeTarget "Demo" */ = {
			isa = XCConfigurationList;
			buildConfigurations = (
				9BF2B1A21D7926D100D20A56 /* Debug */,
				9BF2B1A31D7926D100D20A56 /* Release */,
			);
			defaultConfigurationIsVisible = 0;
		};
		9BF2B1A41D7926D100D20A56 /* Build configuration list for PBXNativeTarget "DemoTests" */ = {
			isa = XCConfigurationList;
			buildConfigurations = (
				9BF2B1A51D7926D100D20A56 /* Debug */,
				9BF2B1A61D7926D100D20A56 /* Release */,
			);
			defaultConfigurationIsVisible = 0;
		};
		9BF2B1A71D7926D100D20A56 /* Build configuration list for PBXNativeTarget "DemoUITests" */ = {
			isa = XCConfigurationList;
			buildConfigurations = (
				9BF2B1A81D7926D100D20A56 /* Debug */,
				9BF2B1A91D7926D100D20A56 /* Release */,
			);
			defaultConfigurationIsVisible = 0;
		};
/* End XCConfigurationList section */
	};
	rootObject = 9BF2B16C1D7926D100D20A56 /* Project object */;
}
